
Microsoft Visual Studio Solution File, Format Version 12.00
# Visual Studio 2013
VisualStudioVersion = 12.0.21005.1
MinimumVisualStudioVersion = 10.0.40219.1
Project("{FAE04EC0-301F-11D3-BF4B-00C04F79EFBC}") = "DTcms.Web", "DTcms.Web\DTcms.Web.csproj", "{71ADD9EF-D3AF-4AFE-8427-D10A52BAAF90}"
EndProject
Project("{FAE04EC0-301F-11D3-BF4B-00C04F79EFBC}") = "DTcms.Common", "DTcms.Common\DTcms.Common.csproj", "{6468CBF1-9D41-4231-8814-14491922FECC}"
EndProject
Project("{FAE04EC0-301F-11D3-BF4B-00C04F79EFBC}") = "DTcms.Model", "DTcms.Model\DTcms.Model.csproj", "{D67868C9-56B9-4E35-8E15-C105FC44CFB9}"
EndProject
Project("{FAE04EC0-301F-11D3-BF4B-00C04F79EFBC}") = "DTcms.DAL", "DTcms.DAL\DTcms.DAL.csproj", "{CE7D2820-3864-405C-BC07-73696661A311}"
EndProject
Project("{FAE04EC0-301F-11D3-BF4B-00C04F79EFBC}") = "DTcms.BLL", "DTcms.BLL\DTcms.BLL.csproj", "{0484F2ED-8EF3-4C40-8B3A-FE52B5E71AC2}"
EndProject
Project("{FAE04EC0-301F-11D3-BF4B-00C04F79EFBC}") = "DTcms.DBUtility", "DTcms.DBUtility\DTcms.DBUtility.csproj", "{80541F63-161F-45CD-9710-CD1EA08F1D67}"
EndProject
Project("{FAE04EC0-301F-11D3-BF4B-00C04F79EFBC}") = "DTcms.API", "DTcms.API\DTcms.API.csproj", "{6F974B43-717A-48F3-8EEE-54F5F66391E2}"
EndProject
Project("{FAE04EC0-301F-11D3-BF4B-00C04F79EFBC}") = "DTcms.Web.UI", "DTcms.Web.UI\DTcms.Web.UI.csproj", "{58376273-DA57-4220-8935-6AF4D998C0F4}"
EndProject
Project("{FAE04EC0-301F-11D3-BF4B-00C04F79EFBC}") = "DTcms.Web.Plugin.Feedback", "DTcms.Web\plugins\feedback\DTcms.Web.Plugin.Feedback.csproj", "{A32411D0-1B69-47A9-AC5C-E7E31D5C297B}"
EndProject
Project("{FAE04EC0-301F-11D3-BF4B-00C04F79EFBC}") = "DTcms.Web.Plugin.Link", "DTcms.Web\plugins\link\DTcms.Web.Plugin.Link.csproj", "{A5996A0F-8D28-41C7-AA03-29C7E9E0B88C}"
EndProject
Project("{2150E333-8FDC-42A3-9474-1A3956D46DE8}") = "WebManager", "WebManager", "{B54D2D26-A252-45AC-9670-4E555D553B9C}"
EndProject
Project("{2150E333-8FDC-42A3-9474-1A3956D46DE8}") = "DataTransfer", "DataTransfer", "{E23ECFD6-031F-40E4-B33D-F42932D8D5DB}"
EndProject
Project("{2150E333-8FDC-42A3-9474-1A3956D46DE8}") = "WeiWeb", "WeiWeb", "{26DE989C-810B-4B0B-82FC-FA318984E56D}"
EndProject
Project("{2150E333-8FDC-42A3-9474-1A3956D46DE8}") = "Server", "Server", "{E3DA5E6C-767B-47E2-94CE-3B0D3E109A22}"
EndProject
Project("{2150E333-8FDC-42A3-9474-1A3956D46DE8}") = "Clinet", "Clinet", "{14DEA808-D310-4090-A97A-EB451006C228}"
EndProject
Project("{FAE04EC0-301F-11D3-BF4B-00C04F79EFBC}") = "DBUtility", "jdgl_res_head_service\DBUtility\DBUtility.csproj", "{0988C62E-247F-471F-A183-DB509C7A3839}"
EndProject
Project("{FAE04EC0-301F-11D3-BF4B-00C04F79EFBC}") = "jdgl_res_head_service", "jdgl_res_head_service\jdgl_res_head_service\jdgl_res_head_service.csproj", "{D6A2B8E8-8506-4274-B1C6-EA0C52AA75AE}"
EndProject
Project("{FAE04EC0-301F-11D3-BF4B-00C04F79EFBC}") = "jdgl_res_head_service.BLL", "jdgl_res_head_service\jdgl_res_head_service.BLL\jdgl_res_head_service.BLL.csproj", "{5217B86E-C3D5-4320-B28B-A9F705BBAEC0}"
EndProject
Project("{FAE04EC0-301F-11D3-BF4B-00C04F79EFBC}") = "jdgl_res_head_service.DAL", "jdgl_res_head_service\jdgl_res_head_service.DAL\jdgl_res_head_service.DAL.csproj", "{B2092585-AF06-4529-8C7E-160DF8965A3E}"
EndProject
Project("{FAE04EC0-301F-11D3-BF4B-00C04F79EFBC}") = "jdgl_res_head_service.Model", "jdgl_res_head_service\jdgl_res_head_service.Model\jdgl_res_head_service.Model.csproj", "{9F16901B-F01D-405E-911C-4AE6F83D87A5}"
EndProject
Project("{FAE04EC0-301F-11D3-BF4B-00C04F79EFBC}") = "Maticsoft.Common", "jdgl_res_head_service\Maticsoft.Common\Maticsoft.Common.csproj", "{69CFC3C7-785A-4D97-B92F-85DD72C952D6}"
EndProject
Project("{FAE04EC0-301F-11D3-BF4B-00C04F79EFBC}") = "DBUtility", "jdgl_res_head_app\DBUtility\DBUtility.csproj", "{B7C8CDC4-85CF-413D-A1D8-6EE039E0269D}"
EndProject
Project("{FAE04EC0-301F-11D3-BF4B-00C04F79EFBC}") = "jdgl_res_head_app", "jdgl_res_head_app\jdgl_res_head_app\jdgl_res_head_app.csproj", "{EAA7BF35-27C9-422A-82C4-78C7E980E8E0}"
EndProject
Project("{FAE04EC0-301F-11D3-BF4B-00C04F79EFBC}") = "jdgl_res_head_app.BLL", "jdgl_res_head_app\jdgl_res_head_app.BLL\jdgl_res_head_app.BLL.csproj", "{92B0F682-7046-4B34-A273-2807CB653FEF}"
EndProject
Project("{FAE04EC0-301F-11D3-BF4B-00C04F79EFBC}") = "jdgl_res_head_app.DAL", "jdgl_res_head_app\jdgl_res_head_app.DAL\jdgl_res_head_app.DAL.csproj", "{F689C249-10E7-4B53-8F60-4128BD220E20}"
EndProject
Project("{FAE04EC0-301F-11D3-BF4B-00C04F79EFBC}") = "jdgl_res_head_app.Model", "jdgl_res_head_app\jdgl_res_head_app.Model\jdgl_res_head_app.Model.csproj", "{EB6122AF-C27B-43A2-BD69-1699F21C8EF9}"
EndProject
Project("{FAE04EC0-301F-11D3-BF4B-00C04F79EFBC}") = "LTP.Common", "jdgl_res_head_app\LTP.Common\LTP.Common.csproj", "{4C416C81-A11A-4EC3-B6EC-BCD3C22B4FF4}"
EndProject
Project("{FAE04EC0-301F-11D3-BF4B-00C04F79EFBC}") = "Maticsoft.Common", "jdgl_res_head_app\Maticsoft.Common\Maticsoft.Common.csproj", "{F56BAF52-E06A-43BF-9E51-EA8DC7396683}"
EndProject
Global
	GlobalSection(SolutionConfigurationPlatforms) = preSolution
		Debug|Any CPU = Debug|Any CPU
		Release|Any CPU = Release|Any CPU
	EndGlobalSection
	GlobalSection(ProjectConfigurationPlatforms) = postSolution
		{71ADD9EF-D3AF-4AFE-8427-D10A52BAAF90}.Debug|Any CPU.ActiveCfg = Debug|Any CPU
		{71ADD9EF-D3AF-4AFE-8427-D10A52BAAF90}.Debug|Any CPU.Build.0 = Debug|Any CPU
		{71ADD9EF-D3AF-4AFE-8427-D10A52BAAF90}.Release|Any CPU.ActiveCfg = Release|Any CPU
		{71ADD9EF-D3AF-4AFE-8427-D10A52BAAF90}.Release|Any CPU.Build.0 = Release|Any CPU
		{6468CBF1-9D41-4231-8814-14491922FECC}.Debug|Any CPU.ActiveCfg = Debug|Any CPU
		{6468CBF1-9D41-4231-8814-14491922FECC}.Debug|Any CPU.Build.0 = Debug|Any CPU
		{6468CBF1-9D41-4231-8814-14491922FECC}.Release|Any CPU.ActiveCfg = Release|Any CPU
		{6468CBF1-9D41-4231-8814-14491922FECC}.Release|Any CPU.Build.0 = Release|Any CPU
		{D67868C9-56B9-4E35-8E15-C105FC44CFB9}.Debug|Any CPU.ActiveCfg = Debug|Any CPU
		{D67868C9-56B9-4E35-8E15-C105FC44CFB9}.Debug|Any CPU.Build.0 = Debug|Any CPU
		{D67868C9-56B9-4E35-8E15-C105FC44CFB9}.Release|Any CPU.ActiveCfg = Release|Any CPU
		{D67868C9-56B9-4E35-8E15-C105FC44CFB9}.Release|Any CPU.Build.0 = Release|Any CPU
		{CE7D2820-3864-405C-BC07-73696661A311}.Debug|Any CPU.ActiveCfg = Debug|Any CPU
		{CE7D2820-3864-405C-BC07-73696661A311}.Debug|Any CPU.Build.0 = Debug|Any CPU
		{CE7D2820-3864-405C-BC07-73696661A311}.Release|Any CPU.ActiveCfg = Release|Any CPU
		{CE7D2820-3864-405C-BC07-73696661A311}.Release|Any CPU.Build.0 = Release|Any CPU
		{0484F2ED-8EF3-4C40-8B3A-FE52B5E71AC2}.Debug|Any CPU.ActiveCfg = Debug|Any CPU
		{0484F2ED-8EF3-4C40-8B3A-FE52B5E71AC2}.Debug|Any CPU.Build.0 = Debug|Any CPU
		{0484F2ED-8EF3-4C40-8B3A-FE52B5E71AC2}.Release|Any CPU.ActiveCfg = Release|Any CPU
		{0484F2ED-8EF3-4C40-8B3A-FE52B5E71AC2}.Release|Any CPU.Build.0 = Release|Any CPU
		{80541F63-161F-45CD-9710-CD1EA08F1D67}.Debug|Any CPU.ActiveCfg = Debug|Any CPU
		{80541F63-161F-45CD-9710-CD1EA08F1D67}.Debug|Any CPU.Build.0 = Debug|Any CPU
		{80541F63-161F-45CD-9710-CD1EA08F1D67}.Release|Any CPU.ActiveCfg = Release|Any CPU
		{80541F63-161F-45CD-9710-CD1EA08F1D67}.Release|Any CPU.Build.0 = Release|Any CPU
		{6F974B43-717A-48F3-8EEE-54F5F66391E2}.Debug|Any CPU.ActiveCfg = Debug|Any CPU
		{6F974B43-717A-48F3-8EEE-54F5F66391E2}.Debug|Any CPU.Build.0 = Debug|Any CPU
		{6F974B43-717A-48F3-8EEE-54F5F66391E2}.Release|Any CPU.ActiveCfg = Release|Any CPU
		{6F974B43-717A-48F3-8EEE-54F5F66391E2}.Release|Any CPU.Build.0 = Release|Any CPU
		{58376273-DA57-4220-8935-6AF4D998C0F4}.Debug|Any CPU.ActiveCfg = Debug|Any CPU
		{58376273-DA57-4220-8935-6AF4D998C0F4}.Debug|Any CPU.Build.0 = Debug|Any CPU
		{58376273-DA57-4220-8935-6AF4D998C0F4}.Release|Any CPU.ActiveCfg = Release|Any CPU
		{58376273-DA57-4220-8935-6AF4D998C0F4}.Release|Any CPU.Build.0 = Release|Any CPU
		{A32411D0-1B69-47A9-AC5C-E7E31D5C297B}.Debug|Any CPU.ActiveCfg = Debug|Any CPU
		{A32411D0-1B69-47A9-AC5C-E7E31D5C297B}.Debug|Any CPU.Build.0 = Debug|Any CPU
		{A32411D0-1B69-47A9-AC5C-E7E31D5C297B}.Release|Any CPU.ActiveCfg = Release|Any CPU
		{A32411D0-1B69-47A9-AC5C-E7E31D5C297B}.Release|Any CPU.Build.0 = Release|Any CPU
		{A5996A0F-8D28-41C7-AA03-29C7E9E0B88C}.Debug|Any CPU.ActiveCfg = Debug|Any CPU
		{A5996A0F-8D28-41C7-AA03-29C7E9E0B88C}.Debug|Any CPU.Build.0 = Debug|Any CPU
		{A5996A0F-8D28-41C7-AA03-29C7E9E0B88C}.Release|Any CPU.ActiveCfg = Release|Any CPU
		{A5996A0F-8D28-41C7-AA03-29C7E9E0B88C}.Release|Any CPU.Build.0 = Release|Any CPU
		{0988C62E-247F-471F-A183-DB509C7A3839}.Debug|Any CPU.ActiveCfg = Debug|Any CPU
		{0988C62E-247F-471F-A183-DB509C7A3839}.Debug|Any CPU.Build.0 = Debug|Any CPU
		{0988C62E-247F-471F-A183-DB509C7A3839}.Release|Any CPU.ActiveCfg = Release|Any CPU
		{0988C62E-247F-471F-A183-DB509C7A3839}.Release|Any CPU.Build.0 = Release|Any CPU
		{D6A2B8E8-8506-4274-B1C6-EA0C52AA75AE}.Debug|Any CPU.ActiveCfg = Debug|Any CPU
		{D6A2B8E8-8506-4274-B1C6-EA0C52AA75AE}.Debug|Any CPU.Build.0 = Debug|Any CPU
		{D6A2B8E8-8506-4274-B1C6-EA0C52AA75AE}.Release|Any CPU.ActiveCfg = Release|Any CPU
		{D6A2B8E8-8506-4274-B1C6-EA0C52AA75AE}.Release|Any CPU.Build.0 = Release|Any CPU
		{5217B86E-C3D5-4320-B28B-A9F705BBAEC0}.Debug|Any CPU.ActiveCfg = Debug|Any CPU
		{5217B86E-C3D5-4320-B28B-A9F705BBAEC0}.Debug|Any CPU.Build.0 = Debug|Any CPU
		{5217B86E-C3D5-4320-B28B-A9F705BBAEC0}.Release|Any CPU.ActiveCfg = Release|Any CPU
		{5217B86E-C3D5-4320-B28B-A9F705BBAEC0}.Release|Any CPU.Build.0 = Release|Any CPU
		{B2092585-AF06-4529-8C7E-160DF8965A3E}.Debug|Any CPU.ActiveCfg = Debug|Any CPU
		{B2092585-AF06-4529-8C7E-160DF8965A3E}.Debug|Any CPU.Build.0 = Debug|Any CPU
		{B2092585-AF06-4529-8C7E-160DF8965A3E}.Release|Any CPU.ActiveCfg = Release|Any CPU
		{B2092585-AF06-4529-8C7E-160DF8965A3E}.Release|Any CPU.Build.0 = Release|Any CPU
		{9F16901B-F01D-405E-911C-4AE6F83D87A5}.Debug|Any CPU.ActiveCfg = Debug|Any CPU
		{9F16901B-F01D-405E-911C-4AE6F83D87A5}.Debug|Any CPU.Build.0 = Debug|Any CPU
		{9F16901B-F01D-405E-911C-4AE6F83D87A5}.Release|Any CPU.ActiveCfg = Release|Any CPU
		{9F16901B-F01D-405E-911C-4AE6F83D87A5}.Release|Any CPU.Build.0 = Release|Any CPU
		{69CFC3C7-785A-4D97-B92F-85DD72C952D6}.Debug|Any CPU.ActiveCfg = Debug|Any CPU
		{69CFC3C7-785A-4D97-B92F-85DD72C952D6}.Debug|Any CPU.Build.0 = Debug|Any CPU
		{69CFC3C7-785A-4D97-B92F-85DD72C952D6}.Release|Any CPU.ActiveCfg = Release|Any CPU
		{69CFC3C7-785A-4D97-B92F-85DD72C952D6}.Release|Any CPU.Build.0 = Release|Any CPU
		{B7C8CDC4-85CF-413D-A1D8-6EE039E0269D}.Debug|Any CPU.ActiveCfg = Debug|Any CPU
		{B7C8CDC4-85CF-413D-A1D8-6EE039E0269D}.Debug|Any CPU.Build.0 = Debug|Any CPU
		{B7C8CDC4-85CF-413D-A1D8-6EE039E0269D}.Release|Any CPU.ActiveCfg = Release|Any CPU
		{B7C8CDC4-85CF-413D-A1D8-6EE039E0269D}.Release|Any CPU.Build.0 = Release|Any CPU
		{EAA7BF35-27C9-422A-82C4-78C7E980E8E0}.Debug|Any CPU.ActiveCfg = Debug|Any CPU
		{EAA7BF35-27C9-422A-82C4-78C7E980E8E0}.Debug|Any CPU.Build.0 = Debug|Any CPU
		{EAA7BF35-27C9-422A-82C4-78C7E980E8E0}.Release|Any CPU.ActiveCfg = Release|Any CPU
		{EAA7BF35-27C9-422A-82C4-78C7E980E8E0}.Release|Any CPU.Build.0 = Release|Any CPU
		{92B0F682-7046-4B34-A273-2807CB653FEF}.Debug|Any CPU.ActiveCfg = Debug|Any CPU
		{92B0F682-7046-4B34-A273-2807CB653FEF}.Debug|Any CPU.Build.0 = Debug|Any CPU
		{92B0F682-7046-4B34-A273-2807CB653FEF}.Release|Any CPU.ActiveCfg = Release|Any CPU
		{92B0F682-7046-4B34-A273-2807CB653FEF}.Release|Any CPU.Build.0 = Release|Any CPU
		{F689C249-10E7-4B53-8F60-4128BD220E20}.Debug|Any CPU.ActiveCfg = Debug|Any CPU
		{F689C249-10E7-4B53-8F60-4128BD220E20}.Debug|Any CPU.Build.0 = Debug|Any CPU
		{F689C249-10E7-4B53-8F60-4128BD220E20}.Release|Any CPU.ActiveCfg = Release|Any CPU
		{F689C249-10E7-4B53-8F60-4128BD220E20}.Release|Any CPU.Build.0 = Release|Any CPU
		{EB6122AF-C27B-43A2-BD69-1699F21C8EF9}.Debug|Any CPU.ActiveCfg = Debug|Any CPU
		{EB6122AF-C27B-43A2-BD69-1699F21C8EF9}.Debug|Any CPU.Build.0 = Debug|Any CPU
		{EB6122AF-C27B-43A2-BD69-1699F21C8EF9}.Release|Any CPU.ActiveCfg = Release|Any CPU
		{EB6122AF-C27B-43A2-BD69-1699F21C8EF9}.Release|Any CPU.Build.0 = Release|Any CPU
		{4C416C81-A11A-4EC3-B6EC-BCD3C22B4FF4}.Debug|Any CPU.ActiveCfg = Debug|Any CPU
		{4C416C81-A11A-4EC3-B6EC-BCD3C22B4FF4}.Debug|Any CPU.Build.0 = Debug|Any CPU
		{4C416C81-A11A-4EC3-B6EC-BCD3C22B4FF4}.Release|Any CPU.ActiveCfg = Release|Any CPU
		{4C416C81-A11A-4EC3-B6EC-BCD3C22B4FF4}.Release|Any CPU.Build.0 = Release|Any CPU
		{F56BAF52-E06A-43BF-9E51-EA8DC7396683}.Debug|Any CPU.ActiveCfg = Debug|Any CPU
		{F56BAF52-E06A-43BF-9E51-EA8DC7396683}.Debug|Any CPU.Build.0 = Debug|Any CPU
		{F56BAF52-E06A-43BF-9E51-EA8DC7396683}.Release|Any CPU.ActiveCfg = Release|Any CPU
		{F56BAF52-E06A-43BF-9E51-EA8DC7396683}.Release|Any CPU.Build.0 = Release|Any CPU
	EndGlobalSection
	GlobalSection(SolutionProperties) = preSolution
		HideSolutionNode = FALSE
	EndGlobalSection
	GlobalSection(NestedProjects) = preSolution
		{71ADD9EF-D3AF-4AFE-8427-D10A52BAAF90} = {26DE989C-810B-4B0B-82FC-FA318984E56D}
		{D67868C9-56B9-4E35-8E15-C105FC44CFB9} = {B54D2D26-A252-45AC-9670-4E555D553B9C}
		{CE7D2820-3864-405C-BC07-73696661A311} = {B54D2D26-A252-45AC-9670-4E555D553B9C}
		{0484F2ED-8EF3-4C40-8B3A-FE52B5E71AC2} = {B54D2D26-A252-45AC-9670-4E555D553B9C}
		{80541F63-161F-45CD-9710-CD1EA08F1D67} = {B54D2D26-A252-45AC-9670-4E555D553B9C}
		{6F974B43-717A-48F3-8EEE-54F5F66391E2} = {B54D2D26-A252-45AC-9670-4E555D553B9C}
		{58376273-DA57-4220-8935-6AF4D998C0F4} = {B54D2D26-A252-45AC-9670-4E555D553B9C}
		{A32411D0-1B69-47A9-AC5C-E7E31D5C297B} = {B54D2D26-A252-45AC-9670-4E555D553B9C}
		{A5996A0F-8D28-41C7-AA03-29C7E9E0B88C} = {B54D2D26-A252-45AC-9670-4E555D553B9C}
		{6468CBF1-9D41-4231-8814-14491922FECC} = {B54D2D26-A252-45AC-9670-4E555D553B9C}
		{E3DA5E6C-767B-47E2-94CE-3B0D3E109A22} = {E23ECFD6-031F-40E4-B33D-F42932D8D5DB}
		{14DEA808-D310-4090-A97A-EB451006C228} = {E23ECFD6-031F-40E4-B33D-F42932D8D5DB}
		{0988C62E-247F-471F-A183-DB509C7A3839} = {E3DA5E6C-767B-47E2-94CE-3B0D3E109A22}
		{D6A2B8E8-8506-4274-B1C6-EA0C52AA75AE} = {E3DA5E6C-767B-47E2-94CE-3B0D3E109A22}
		{5217B86E-C3D5-4320-B28B-A9F705BBAEC0} = {E3DA5E6C-767B-47E2-94CE-3B0D3E109A22}
		{B2092585-AF06-4529-8C7E-160DF8965A3E} = {E3DA5E6C-767B-47E2-94CE-3B0D3E109A22}
		{9F16901B-F01D-405E-911C-4AE6F83D87A5} = {E3DA5E6C-767B-47E2-94CE-3B0D3E109A22}
		{69CFC3C7-785A-4D97-B92F-85DD72C952D6} = {E3DA5E6C-767B-47E2-94CE-3B0D3E109A22}
		{B7C8CDC4-85CF-413D-A1D8-6EE039E0269D} = {14DEA808-D310-4090-A97A-EB451006C228}
		{EAA7BF35-27C9-422A-82C4-78C7E980E8E0} = {14DEA808-D310-4090-A97A-EB451006C228}
		{92B0F682-7046-4B34-A273-2807CB653FEF} = {14DEA808-D310-4090-A97A-EB451006C228}
		{F689C249-10E7-4B53-8F60-4128BD220E20} = {14DEA808-D310-4090-A97A-EB451006C228}
		{EB6122AF-C27B-43A2-BD69-1699F21C8EF9} = {14DEA808-D310-4090-A97A-EB451006C228}
		{4C416C81-A11A-4EC3-B6EC-BCD3C22B4FF4} = {14DEA808-D310-4090-A97A-EB451006C228}
		{F56BAF52-E06A-43BF-9E51-EA8DC7396683} = {14DEA808-D310-4090-A97A-EB451006C228}
	EndGlobalSection
	GlobalSection(SubversionScc) = preSolution
		Svn-Managed = True
		Manager = AnkhSVN - Subversion Support for Visual Studio
	EndGlobalSection
EndGlobal
